Microsoft Visual Studio Solution File, Format Version 12.00
# Visual Studio Version 17
VisualStudioVersion = 17.5.2.0
MinimumVisualStudioVersion = 10.0.40219.1
Project("{FAE04EC0-301F-11D3-BF4B-00C04F79EFBC}") = "Tarea Semana 4", "Tarea Semana 4.csproj", "{D7961E35-9FC4-AEE9-6A09-5FE3383B2957}"
EndProject
Global
	GlobalSection(SolutionConfigurationPlatforms) = preSolution
		Debug|Any CPU = Debug|Any CPU
		Release|Any CPU = Release|Any CPU
	EndGlobalSection
	GlobalSection(ProjectConfigurationPlatforms) = postSolution
		{D7961E35-9FC4-AEE9-6A09-5FE3383B2957}.Debug|Any CPU.ActiveCfg = Debug|Any CPU
		{D7961E35-9FC4-AEE9-6A09-5FE3383B2957}.Debug|Any CPU.Build.0 = Debug|Any CPU
		{D7961E35-9FC4-AEE9-6A09-5FE3383B2957}.Release|Any CPU.ActiveCfg = Release|Any CPU
		{D7961E35-9FC4-AEE9-6A09-5FE3383B2957}.Release|Any CPU.Build.0 = Release|Any CPU
	EndGlobalSection
	GlobalSection(SolutionProperties) = preSolution
		HideSolutionNode = FALSE
	EndGlobalSection
	GlobalSection(ExtensibilityGlobals) = postSolution
		SolutionGuid = {3EA0007F-9A5E-4B93-A26E-9FC4EB5D4EBF}
	EndGlobalSection
EndGlobal
